// !$*UTF8*$!
{
	archiveVersion = 1;
	classes = {
	};
	objectVersion = 50;
	objects = {

/* Begin PBXBuildFile section */
		91936EE080C60D7885873156 /* Pods_AcademyApp.framework in Frameworks */ = {isa = PBXBuildFile; fileRef = 4EC1B489AE0C61C0425DCC86 /* Pods_AcademyApp.framework */; };
		D08B318922BCCEB400EBA8ED /* LecturesCollectionViewCell.swift in Sources */ = {isa = PBXBuildFile; fileRef = D08B318722BCCEB400EBA8ED /* LecturesCollectionViewCell.swift */; };
		D08B318A22BCCEB400EBA8ED /* LecturesCollectionViewCell.xib in Resources */ = {isa = PBXBuildFile; fileRef = D08B318822BCCEB400EBA8ED /* LecturesCollectionViewCell.xib */; };
		D08B318C22BCDE6900EBA8ED /* UICollectionViewExtensions.swift in Sources */ = {isa = PBXBuildFile; fileRef = D08B318B22BCDE6900EBA8ED /* UICollectionViewExtensions.swift */; };
		D08B318F22BCE49300EBA8ED /* NibLoadableView.swift in Sources */ = {isa = PBXBuildFile; fileRef = D08B318E22BCE49300EBA8ED /* NibLoadableView.swift */; };
		D0922DC722B37181003597EF /* RoundedCornersButton.swift in Sources */ = {isa = PBXBuildFile; fileRef = D0922DC622B37181003597EF /* RoundedCornersButton.swift */; };
		D0922DCE22B67083003597EF /* UIFontExtensions.swift in Sources */ = {isa = PBXBuildFile; fileRef = D0922DCD22B67083003597EF /* UIFontExtensions.swift */; };
		D0922DD022B789BB003597EF /* StringExtensions.swift in Sources */ = {isa = PBXBuildFile; fileRef = D0922DCF22B789BB003597EF /* StringExtensions.swift */; };
		D0B8633B22C7933300A67320 /* UITableViewExtensions.swift in Sources */ = {isa = PBXBuildFile; fileRef = D0B8633A22C7933300A67320 /* UITableViewExtensions.swift */; };
		D0DA722022BA387700887039 /* TabBarViewController.swift in Sources */ = {isa = PBXBuildFile; fileRef = D0DA721F22BA387700887039 /* TabBarViewController.swift */; };
		D0DA722222BA4AA500887039 /* UITabBarItemExtensions.swift in Sources */ = {isa = PBXBuildFile; fileRef = D0DA722122BA4AA500887039 /* UITabBarItemExtensions.swift */; };
		D0DA722422BA684E00887039 /* LecturesViewController.swift in Sources */ = {isa = PBXBuildFile; fileRef = D0DA722322BA684E00887039 /* LecturesViewController.swift */; };
		D0E73BAD22B2698300150481 /* AppDelegate.swift in Sources */ = {isa = PBXBuildFile; fileRef = D0E73BAC22B2698300150481 /* AppDelegate.swift */; };
		D0E73BAF22B2698300150481 /* LoginViewController.swift in Sources */ = {isa = PBXBuildFile; fileRef = D0E73BAE22B2698300150481 /* LoginViewController.swift */; };
		D0E73BB222B2698300150481 /* Main.storyboard in Resources */ = {isa = PBXBuildFile; fileRef = D0E73BB022B2698300150481 /* Main.storyboard */; };
		D0E73BB722B2698400150481 /* LaunchScreen.storyboard in Resources */ = {isa = PBXBuildFile; fileRef = D0E73BB522B2698400150481 /* LaunchScreen.storyboard */; };
		D0E73BCA22B291F500150481 /* UIColorExtensions.swift in Sources */ = {isa = PBXBuildFile; fileRef = D0E73BC922B291F500150481 /* UIColorExtensions.swift */; };
		D0F20D4022C61B5200970102 /* Lecture.swift in Sources */ = {isa = PBXBuildFile; fileRef = D0F20D3F22C61B5200970102 /* Lecture.swift */; };
		D0F20D4222C61C9100970102 /* MockData.swift in Sources */ = {isa = PBXBuildFile; fileRef = D0F20D4122C61C9100970102 /* MockData.swift */; };
		D0F20D4D22C6505800970102 /* LectureTableViewCell.swift in Sources */ = {isa = PBXBuildFile; fileRef = D0F20D4B22C6505800970102 /* LectureTableViewCell.swift */; };
		D0F20D4E22C6505800970102 /* LectureTableViewCell.xib in Resources */ = {isa = PBXBuildFile; fileRef = D0F20D4C22C6505800970102 /* LectureTableViewCell.xib */; };
		D0FB592322B8B7B100280276 /* UIScrollViewExtensions.swift in Sources */ = {isa = PBXBuildFile; fileRef = D0FB592222B8B7B100280276 /* UIScrollViewExtensions.swift */; };
		D0FCDF7A22BB9EDD00A23D8E /* Assets.xcassets in Resources */ = {isa = PBXBuildFile; fileRef = D0FCDF7922BB9EDD00A23D8E /* Assets.xcassets */; };
		D0FCDF8322BBA57E00A23D8E /* Maison_Neue_Medium.otf in Resources */ = {isa = PBXBuildFile; fileRef = D0FCDF7F22BBA57E00A23D8E /* Maison_Neue_Medium.otf */; };
		D0FCDF8422BBA57E00A23D8E /* Trump_Gothic_East_Bold.ttf in Resources */ = {isa = PBXBuildFile; fileRef = D0FCDF8022BBA57E00A23D8E /* Trump_Gothic_East_Bold.ttf */; };
		D0FCDF8522BBA57E00A23D8E /* Maison_Neue_Demi.otf in Resources */ = {isa = PBXBuildFile; fileRef = D0FCDF8122BBA57E00A23D8E /* Maison_Neue_Demi.otf */; };
		D0FCDF8622BBA57E00A23D8E /* Maison_Neue_Book.otf in Resources */ = {isa = PBXBuildFile; fileRef = D0FCDF8222BBA57E00A23D8E /* Maison_Neue_Book.otf */; };
/* End PBXBuildFile section */

/* Begin PBXFileReference section */
		1B934978495AC9894A6754E5 /* Pods-AcademyApp.debug.xcconfig */ = {isa = PBXFileReference; includeInIndex = 1; lastKnownFileType = text.xcconfig; name = "Pods-AcademyApp.debug.xcconfig"; path = "Target Support Files/Pods-AcademyApp/Pods-AcademyApp.debug.xcconfig"; sourceTree = "<group>"; };
		4EC1B489AE0C61C0425DCC86 /* Pods_AcademyApp.framework */ = {isa = PBXFileReference; explicitFileType = wrapper.framework; includeInIndex = 0; path = Pods_AcademyApp.framework; sourceTree = BUILT_PRODUCTS_DIR; };
		D08B318722BCCEB400EBA8ED /* LecturesCollectionViewCell.swift */ = {isa = PBXFileReference; lastKnownFileType = sourcecode.swift; path = LecturesCollectionViewCell.swift; sourceTree = "<group>"; };
		D08B318822BCCEB400EBA8ED /* LecturesCollectionViewCell.xib */ = {isa = PBXFileReference; lastKnownFileType = file.xib; path = LecturesCollectionViewCell.xib; sourceTree = "<group>"; };
		D08B318B22BCDE6900EBA8ED /* UICollectionViewExtensions.swift */ = {isa = PBXFileReference; lastKnownFileType = sourcecode.swift; path = UICollectionViewExtensions.swift; sourceTree = "<group>"; };
		D08B318E22BCE49300EBA8ED /* NibLoadableView.swift */ = {isa = PBXFileReference; lastKnownFileType = sourcecode.swift; path = NibLoadableView.swift; sourceTree = "<group>"; };
		D0922DC622B37181003597EF /* RoundedCornersButton.swift */ = {isa = PBXFileReference; lastKnownFileType = sourcecode.swift; path = RoundedCornersButton.swift; sourceTree = "<group>"; };
		D0922DCD22B67083003597EF /* UIFontExtensions.swift */ = {isa = PBXFileReference; lastKnownFileType = sourcecode.swift; path = UIFontExtensions.swift; sourceTree = "<group>"; };
		D0922DCF22B789BB003597EF /* StringExtensions.swift */ = {isa = PBXFileReference; lastKnownFileType = sourcecode.swift; path = StringExtensions.swift; sourceTree = "<group>"; };
		D0B8633A22C7933300A67320 /* UITableViewExtensions.swift */ = {isa = PBXFileReference; lastKnownFileType = sourcecode.swift; path = UITableViewExtensions.swift; sourceTree = "<group>"; };
		D0DA721F22BA387700887039 /* TabBarViewController.swift */ = {isa = PBXFileReference; lastKnownFileType = sourcecode.swift; path = TabBarViewController.swift; sourceTree = "<group>"; };
		D0DA722122BA4AA500887039 /* UITabBarItemExtensions.swift */ = {isa = PBXFileReference; lastKnownFileType = sourcecode.swift; path = UITabBarItemExtensions.swift; sourceTree = "<group>"; };
		D0DA722322BA684E00887039 /* LecturesViewController.swift */ = {isa = PBXFileReference; lastKnownFileType = sourcecode.swift; path = LecturesViewController.swift; sourceTree = "<group>"; };
		D0E73BA922B2698300150481 /* AcademyApp.app */ = {isa = PBXFileReference; explicitFileType = wrapper.application; includeInIndex = 0; path = AcademyApp.app; sourceTree = BUILT_PRODUCTS_DIR; };
		D0E73BAC22B2698300150481 /* AppDelegate.swift */ = {isa = PBXFileReference; lastKnownFileType = sourcecode.swift; path = AppDelegate.swift; sourceTree = "<group>"; };
		D0E73BAE22B2698300150481 /* LoginViewController.swift */ = {isa = PBXFileReference; lastKnownFileType = sourcecode.swift; path = LoginViewController.swift; sourceTree = "<group>"; };
		D0E73BB122B2698300150481 /* Base */ = {isa = PBXFileReference; lastKnownFileType = file.storyboard; name = Base; path = Base.lproj/Main.storyboard; sourceTree = "<group>"; };
		D0E73BB622B2698400150481 /* Base */ = {isa = PBXFileReference; lastKnownFileType = file.storyboard; name = Base; path = Base.lproj/LaunchScreen.storyboard; sourceTree = "<group>"; };
		D0E73BB822B2698400150481 /* Info.plist */ = {isa = PBXFileReference; lastKnownFileType = text.plist.xml; path = Info.plist; sourceTree = "<group>"; };
		D0E73BC922B291F500150481 /* UIColorExtensions.swift */ = {isa = PBXFileReference; lastKnownFileType = sourcecode.swift; path = UIColorExtensions.swift; sourceTree = "<group>"; };
		D0F20D3F22C61B5200970102 /* Lecture.swift */ = {isa = PBXFileReference; lastKnownFileType = sourcecode.swift; path = Lecture.swift; sourceTree = "<group>"; };
		D0F20D4122C61C9100970102 /* MockData.swift */ = {isa = PBXFileReference; lastKnownFileType = sourcecode.swift; path = MockData.swift; sourceTree = "<group>"; };
		D0F20D4B22C6505800970102 /* LectureTableViewCell.swift */ = {isa = PBXFileReference; lastKnownFileType = sourcecode.swift; path = LectureTableViewCell.swift; sourceTree = "<group>"; };
		D0F20D4C22C6505800970102 /* LectureTableViewCell.xib */ = {isa = PBXFileReference; lastKnownFileType = file.xib; path = LectureTableViewCell.xib; sourceTree = "<group>"; };
		D0FB592222B8B7B100280276 /* UIScrollViewExtensions.swift */ = {isa = PBXFileReference; lastKnownFileType = sourcecode.swift; path = UIScrollViewExtensions.swift; sourceTree = "<group>"; };
		D0FCDF7922BB9EDD00A23D8E /* Assets.xcassets */ = {isa = PBXFileReference; lastKnownFileType = folder.assetcatalog; path = Assets.xcassets; sourceTree = "<group>"; };
		D0FCDF7E22BBA55A00A23D8E /* Maison_Neue_Bold.otf */ = {isa = PBXFileReference; lastKnownFileType = file; path = Maison_Neue_Bold.otf; sourceTree = "<group>"; };
		D0FCDF7F22BBA57E00A23D8E /* Maison_Neue_Medium.otf */ = {isa = PBXFileReference; lastKnownFileType = file; path = Maison_Neue_Medium.otf; sourceTree = "<group>"; };
		D0FCDF8022BBA57E00A23D8E /* Trump_Gothic_East_Bold.ttf */ = {isa = PBXFileReference; lastKnownFileType = file; path = Trump_Gothic_East_Bold.ttf; sourceTree = "<group>"; };
		D0FCDF8122BBA57E00A23D8E /* Maison_Neue_Demi.otf */ = {isa = PBXFileReference; lastKnownFileType = file; path = Maison_Neue_Demi.otf; sourceTree = "<group>"; };
		D0FCDF8222BBA57E00A23D8E /* Maison_Neue_Book.otf */ = {isa = PBXFileReference; lastKnownFileType = file; path = Maison_Neue_Book.otf; sourceTree = "<group>"; };
		DABC6D1BD97525722761B5C4 /* Pods-AcademyApp.release.xcconfig */ = {isa = PBXFileReference; includeInIndex = 1; lastKnownFileType = text.xcconfig; name = "Pods-AcademyApp.release.xcconfig"; path = "Target Support Files/Pods-AcademyApp/Pods-AcademyApp.release.xcconfig"; sourceTree = "<group>"; };
/* End PBXFileReference section */

/* Begin PBXFrameworksBuildPhase section */
		D0E73BA622B2698300150481 /* Frameworks */ = {
			isa = PBXFrameworksBuildPhase;
			buildActionMask = 2147483647;
			files = (
				91936EE080C60D7885873156 /* Pods_AcademyApp.framework in Frameworks */,
			);
			runOnlyForDeploymentPostprocessing = 0;
		};
/* End PBXFrameworksBuildPhase section */

/* Begin PBXGroup section */
		30F3A164F91C78B12262FA98 /* Pods */ = {
			isa = PBXGroup;
			children = (
				1B934978495AC9894A6754E5 /* Pods-AcademyApp.debug.xcconfig */,
				DABC6D1BD97525722761B5C4 /* Pods-AcademyApp.release.xcconfig */,
			);
			path = Pods;
			sourceTree = "<group>";
		};
		D08921F222B915DB005A7D4E /* Views */ = {
			isa = PBXGroup;
			children = (
				D0F20D4422C6446E00970102 /* Lecture */,
				D0922DC622B37181003597EF /* RoundedCornersButton.swift */,
				D08B318722BCCEB400EBA8ED /* LecturesCollectionViewCell.swift */,
			);
			path = Views;
			sourceTree = "<group>";
		};
		D08921F322B91654005A7D4E /* Resources */ = {
			isa = PBXGroup;
			children = (
				D0FCDF7D22BBA53A00A23D8E /* Fonts */,
				D0FCDF7922BB9EDD00A23D8E /* Assets.xcassets */,
			);
			path = Resources;
			sourceTree = "<group>";
		};
		D08921F522B916CD005A7D4E /* Storyboards */ = {
			isa = PBXGroup;
			children = (
				D0E73BB022B2698300150481 /* Main.storyboard */,
				D0E73BB522B2698400150481 /* LaunchScreen.storyboard */,
				D08B318822BCCEB400EBA8ED /* LecturesCollectionViewCell.xib */,
			);
			path = Storyboards;
			sourceTree = "<group>";
		};
		D08B318D22BCE47800EBA8ED /* Protocols */ = {
			isa = PBXGroup;
			children = (
				D08B318E22BCE49300EBA8ED /* NibLoadableView.swift */,
			);
			path = Protocols;
			sourceTree = "<group>";
		};
		D0922DCA22B3A871003597EF /* ViewControllers */ = {
			isa = PBXGroup;
			children = (
				D0E73BAE22B2698300150481 /* LoginViewController.swift */,
				D0DA722322BA684E00887039 /* LecturesViewController.swift */,
				D0DA721F22BA387700887039 /* TabBarViewController.swift */,
			);
			path = ViewControllers;
			sourceTree = "<group>";
		};
		D0E73BA022B2698300150481 = {
			isa = PBXGroup;
			children = (
				D0E73BAB22B2698300150481 /* AcademyApp */,
				D0E73BAA22B2698300150481 /* Products */,
				30F3A164F91C78B12262FA98 /* Pods */,
				F8CB378600CF4F3B14E36D94 /* Frameworks */,
			);
			sourceTree = "<group>";
		};
		D0E73BAA22B2698300150481 /* Products */ = {
			isa = PBXGroup;
			children = (
				D0E73BA922B2698300150481 /* AcademyApp.app */,
			);
			name = Products;
			sourceTree = "<group>";
		};
		D0E73BAB22B2698300150481 /* AcademyApp */ = {
			isa = PBXGroup;
			children = (
				D0F20D3E22C61B2500970102 /* Model */,
				D08B318D22BCE47800EBA8ED /* Protocols */,
				D0E73BC722B291D300150481 /* Extensions */,
				D08921F322B91654005A7D4E /* Resources */,
				D08921F522B916CD005A7D4E /* Storyboards */,
				D08921F222B915DB005A7D4E /* Views */,
				D0922DCA22B3A871003597EF /* ViewControllers */,
				D0E73BAC22B2698300150481 /* AppDelegate.swift */,
				D0E73BB822B2698400150481 /* Info.plist */,
			);
			path = AcademyApp;
			sourceTree = "<group>";
		};
		D0E73BC722B291D300150481 /* Extensions */ = {
			isa = PBXGroup;
			children = (
				D0E73BC922B291F500150481 /* UIColorExtensions.swift */,
				D0922DCD22B67083003597EF /* UIFontExtensions.swift */,
				D0922DCF22B789BB003597EF /* StringExtensions.swift */,
				D0FB592222B8B7B100280276 /* UIScrollViewExtensions.swift */,
				D0DA722122BA4AA500887039 /* UITabBarItemExtensions.swift */,
				D08B318B22BCDE6900EBA8ED /* UICollectionViewExtensions.swift */,
				D0B8633A22C7933300A67320 /* UITableViewExtensions.swift */,
			);
			path = Extensions;
			sourceTree = "<group>";
		};
		D0F20D3E22C61B2500970102 /* Model */ = {
			isa = PBXGroup;
			children = (
				D0F20D3F22C61B5200970102 /* Lecture.swift */,
				D0F20D4122C61C9100970102 /* MockData.swift */,
			);
			path = Model;
			sourceTree = "<group>";
		};
		D0F20D4422C6446E00970102 /* Lecture */ = {
			isa = PBXGroup;
			children = (
				D0F20D4B22C6505800970102 /* LectureTableViewCell.swift */,
				D0F20D4C22C6505800970102 /* LectureTableViewCell.xib */,
			);
			path = Lecture;
			sourceTree = "<group>";
		};
		D0FCDF7D22BBA53A00A23D8E /* Fonts */ = {
			isa = PBXGroup;
			children = (
				D0FCDF8222BBA57E00A23D8E /* Maison_Neue_Book.otf */,
				D0FCDF8122BBA57E00A23D8E /* Maison_Neue_Demi.otf */,
				D0FCDF7F22BBA57E00A23D8E /* Maison_Neue_Medium.otf */,
				D0FCDF8022BBA57E00A23D8E /* Trump_Gothic_East_Bold.ttf */,
				D0FCDF7E22BBA55A00A23D8E /* Maison_Neue_Bold.otf */,
			);
			path = Fonts;
			sourceTree = "<group>";
		};
		F8CB378600CF4F3B14E36D94 /* Frameworks */ = {
			isa = PBXGroup;
			children = (
				4EC1B489AE0C61C0425DCC86 /* Pods_AcademyApp.framework */,
			);
			name = Frameworks;
			sourceTree = "<group>";
		};
/* End PBXGroup section */

/* Begin PBXNativeTarget section */
		D0E73BA822B2698300150481 /* AcademyApp */ = {
			isa = PBXNativeTarget;
			buildConfigurationList = D0E73BBB22B2698400150481 /* Build configuration list for PBXNativeTarget "AcademyApp" */;
			buildPhases = (
				D08921F122B8F3CA005A7D4E /* Run SwiftLint script */,
				9C82A4A93943FACD7CBAF869 /* [CP] Check Pods Manifest.lock */,
				D0E73BA522B2698300150481 /* Sources */,
				D0E73BA622B2698300150481 /* Frameworks */,
				D0E73BA722B2698300150481 /* Resources */,
			);
			buildRules = (
			);
			dependencies = (
			);
			name = AcademyApp;
			productName = AcademyApp;
			productReference = D0E73BA922B2698300150481 /* AcademyApp.app */;
			productType = "com.apple.product-type.application";
		};
/* End PBXNativeTarget section */

/* Begin PBXProject section */
		D0E73BA122B2698300150481 /* Project object */ = {
			isa = PBXProject;
			attributes = {
				LastSwiftUpdateCheck = 1020;
				LastUpgradeCheck = 1020;
				ORGANIZATIONNAME = "Peter Sevcik";
				TargetAttributes = {
					D0E73BA822B2698300150481 = {
						CreatedOnToolsVersion = 10.2.1;
					};
				};
			};
			buildConfigurationList = D0E73BA422B2698300150481 /* Build configuration list for PBXProject "AcademyApp" */;
			compatibilityVersion = "Xcode 9.3";
			developmentRegion = en;
			hasScannedForEncodings = 0;
			knownRegions = (
				en,
				Base,
			);
			mainGroup = D0E73BA022B2698300150481;
			productRefGroup = D0E73BAA22B2698300150481 /* Products */;
			projectDirPath = "";
			projectRoot = "";
			targets = (
				D0E73BA822B2698300150481 /* AcademyApp */,
			);
		};
/* End PBXProject section */

/* Begin PBXResourcesBuildPhase section */
		D0E73BA722B2698300150481 /* Resources */ = {
			isa = PBXResourcesBuildPhase;
			buildActionMask = 2147483647;
			files = (
				D0E73BB722B2698400150481 /* LaunchScreen.storyboard in Resources */,
				D0FCDF7A22BB9EDD00A23D8E /* Assets.xcassets in Resources */,
				D0FCDF8622BBA57E00A23D8E /* Maison_Neue_Book.otf in Resources */,
				D0F20D4E22C6505800970102 /* LectureTableViewCell.xib in Resources */,
				D0FCDF8522BBA57E00A23D8E /* Maison_Neue_Demi.otf in Resources */,
				D0FCDF8422BBA57E00A23D8E /* Trump_Gothic_East_Bold.ttf in Resources */,
				D08B318A22BCCEB400EBA8ED /* LecturesCollectionViewCell.xib in Resources */,
				D0FCDF8322BBA57E00A23D8E /* Maison_Neue_Medium.otf in Resources */,
				D0E73BB222B2698300150481 /* Main.storyboard in Resources */,
			);
			runOnlyForDeploymentPostprocessing = 0;
		};
/* End PBXResourcesBuildPhase section */

/* Begin PBXShellScriptBuildPhase section */
		9C82A4A93943FACD7CBAF869 /* [CP] Check Pods Manifest.lock */ = {
			isa = PBXShellScriptBuildPhase;
			buildActionMask = 2147483647;
			files = (
			);
			inputFileListPaths = (
			);
			inputPaths = (
				"${PODS_PODFILE_DIR_PATH}/Podfile.lock",
				"${PODS_ROOT}/Manifest.lock",
			);
			name = "[CP] Check Pods Manifest.lock";
			outputFileListPaths = (
			);
			outputPaths = (
				"$(DERIVED_FILE_DIR)/Pods-AcademyApp-checkManifestLockResult.txt",
			);
			runOnlyForDeploymentPostprocessing = 0;
			shellPath = /bin/sh;
			shellScript = "diff \"${PODS_PODFILE_DIR_PATH}/Podfile.lock\" \"${PODS_ROOT}/Manifest.lock\" > /dev/null\nif [ $? != 0 ] ; then\n    # print error to STDERR\n    echo \"error: The sandbox is not in sync with the Podfile.lock. Run 'pod install' or update your CocoaPods installation.\" >&2\n    exit 1\nfi\n# This output is used by Xcode 'outputs' to avoid re-running this script phase.\necho \"SUCCESS\" > \"${SCRIPT_OUTPUT_FILE_0}\"\n";
			showEnvVarsInLog = 0;
		};
		D08921F122B8F3CA005A7D4E /* Run SwiftLint script */ = {
			isa = PBXShellScriptBuildPhase;
			buildActionMask = 2147483647;
			files = (
			);
			inputFileListPaths = (
			);
			inputPaths = (
			);
			name = "Run SwiftLint script";
			outputFileListPaths = (
			);
			outputPaths = (
			);
			runOnlyForDeploymentPostprocessing = 0;
			shellPath = /bin/sh;
			shellScript = "\"${PODS_ROOT}/SwiftLint/swiftlint\"\n";
		};
/* End PBXShellScriptBuildPhase section */

/* Begin PBXSourcesBuildPhase section */
		D0E73BA522B2698300150481 /* Sources */ = {
			isa = PBXSourcesBuildPhase;
			buildActionMask = 2147483647;
			files = (
				D0DA722222BA4AA500887039 /* UITabBarItemExtensions.swift in Sources */,
				D0DA722022BA387700887039 /* TabBarViewController.swift in Sources */,
				D0922DD022B789BB003597EF /* StringExtensions.swift in Sources */,
				D0DA722422BA684E00887039 /* LecturesViewController.swift in Sources */,
				D0F20D4222C61C9100970102 /* MockData.swift in Sources */,
				D08B318C22BCDE6900EBA8ED /* UICollectionViewExtensions.swift in Sources */,
				D0B8633B22C7933300A67320 /* UITableViewExtensions.swift in Sources */,
				D0F20D4022C61B5200970102 /* Lecture.swift in Sources */,
				D0922DC722B37181003597EF /* RoundedCornersButton.swift in Sources */,
				D0E73BAF22B2698300150481 /* LoginViewController.swift in Sources */,
				D0E73BCA22B291F500150481 /* UIColorExtensions.swift in Sources */,
				D0922DCE22B67083003597EF /* UIFontExtensions.swift in Sources */,
				D08B318F22BCE49300EBA8ED /* NibLoadableView.swift in Sources */,
				D0F20D4D22C6505800970102 /* LectureTableViewCell.swift in Sources */,
				D0FB592322B8B7B100280276 /* UIScrollViewExtensions.swift in Sources */,
				D0E73BAD22B2698300150481 /* AppDelegate.swift in Sources */,
				D08B318922BCCEB400EBA8ED /* LecturesCollectionViewCell.swift in Sources */,
			);
			runOnlyForDeploymentPostprocessing = 0;
		};
/* End PBXSourcesBuildPhase section */

/* Begin PBXVariantGroup section */
		D0E73BB022B2698300150481 /* Main.storyboard */ = {
			isa = PBXVariantGroup;
			children = (
				D0E73BB122B2698300150481 /* Base */,
			);
			name = Main.storyboard;
			sourceTree = "<group>";
		};
		D0E73BB522B2698400150481 /* LaunchScreen.storyboard */ = {
			isa = PBXVariantGroup;
			children = (
				D0E73BB622B2698400150481 /* Base */,
			);
			name = LaunchScreen.storyboard;
			sourceTree = "<group>";
		};
/* End PBXVariantGroup section */

/* Begin XCBuildConfiguration section */
		D0E73BB922B2698400150481 /* Debug */ = {
			isa = XCBuildConfiguration;
			buildSettings = {
				ALWAYS_SEARCH_USER_PATHS = NO;
				CLANG_ANALYZER_NONNULL = YES;
				CLANG_ANALYZER_NUMBER_OBJECT_CONVERSION = YES_AGGRESSIVE;
				CLANG_CXX_LANGUAGE_STANDARD = "gnu++14";
				CLANG_CXX_LIBRARY = "libc++";
				CLANG_ENABLE_MODULES = YES;
				CLANG_ENABLE_OBJC_ARC = YES;
				CLANG_ENABLE_OBJC_WEAK = YES;
				CLANG_WARN_BLOCK_CAPTURE_AUTORELEASING = YES;
				CLANG_WARN_BOOL_CONVERSION = YES;
				CLANG_WARN_COMMA = YES;
				CLANG_WARN_CONSTANT_CONVERSION = YES;
				CLANG_WARN_DEPRECATED_OBJC_IMPLEMENTATIONS = YES;
				CLANG_WARN_DIRECT_OBJC_ISA_USAGE = YES_ERROR;
				CLANG_WARN_DOCUMENTATION_COMMENTS = YES;
				CLANG_WARN_EMPTY_BODY = YES;
				CLANG_WARN_ENUM_CONVERSION = YES;
				CLANG_WARN_INFINITE_RECURSION = YES;
				CLANG_WARN_INT_CONVERSION = YES;
				CLANG_WARN_NON_LITERAL_NULL_CONVERSION = YES;
				CLANG_WARN_OBJC_IMPLICIT_RETAIN_SELF = YES;
				CLANG_WARN_OBJC_LITERAL_CONVERSION = YES;
				CLANG_WARN_OBJC_ROOT_CLASS = YES_ERROR;
				CLANG_WARN_RANGE_LOOP_ANALYSIS = YES;
				CLANG_WARN_STRICT_PROTOTYPES = YES;
				CLANG_WARN_SUSPICIOUS_MOVE = YES;
				CLANG_WARN_UNGUARDED_AVAILABILITY = YES_AGGRESSIVE;
				CLANG_WARN_UNREACHABLE_CODE = YES;
				CLANG_WARN__DUPLICATE_METHOD_MATCH = YES;
				CODE_SIGN_IDENTITY = "iPhone Developer";
				COPY_PHASE_STRIP = NO;
				DEBUG_INFORMATION_FORMAT = dwarf;
				ENABLE_STRICT_OBJC_MSGSEND = YES;
				ENABLE_TESTABILITY = YES;
				GCC_C_LANGUAGE_STANDARD = gnu11;
				GCC_DYNAMIC_NO_PIC = NO;
				GCC_NO_COMMON_BLOCKS = YES;
				GCC_OPTIMIZATION_LEVEL = 0;
				GCC_PREPROCESSOR_DEFINITIONS = (
					"DEBUG=1",
					"$(inherited)",
				);
				GCC_WARN_64_TO_32_BIT_CONVERSION = YES;
				GCC_WARN_ABOUT_RETURN_TYPE = YES_ERROR;
				GCC_WARN_UNDECLARED_SELECTOR = YES;
				GCC_WARN_UNINITIALIZED_AUTOS = YES_AGGRESSIVE;
				GCC_WARN_UNUSED_FUNCTION = YES;
				GCC_WARN_UNUSED_VARIABLE = YES;
				IPHONEOS_DEPLOYMENT_TARGET = 12.2;
				MTL_ENABLE_DEBUG_INFO = INCLUDE_SOURCE;
				MTL_FAST_MATH = YES;
				ONLY_ACTIVE_ARCH = YES;
				SDKROOT = iphoneos;
				SWIFT_ACTIVE_COMPILATION_CONDITIONS = DEBUG;
				SWIFT_OPTIMIZATION_LEVEL = "-Onone";
			};
			name = Debug;
		};
		D0E73BBA22B2698400150481 /* Release */ = {
			isa = XCBuildConfiguration;
			buildSettings = {
				ALWAYS_SEARCH_USER_PATHS = NO;
				CLANG_ANALYZER_NONNULL = YES;
				CLANG_ANALYZER_NUMBER_OBJECT_CONVERSION = YES_AGGRESSIVE;
				CLANG_CXX_LANGUAGE_STANDARD = "gnu++14";
				CLANG_CXX_LIBRARY = "libc++";
				CLANG_ENABLE_MODULES = YES;
				CLANG_ENABLE_OBJC_ARC = YES;
				CLANG_ENABLE_OBJC_WEAK = YES;
				CLANG_WARN_BLOCK_CAPTURE_AUTORELEASING = YES;
				CLANG_WARN_BOOL_CONVERSION = YES;
				CLANG_WARN_COMMA = YES;
				CLANG_WARN_CONSTANT_CONVERSION = YES;
				CLANG_WARN_DEPRECATED_OBJC_IMPLEMENTATIONS = YES;
				CLANG_WARN_DIRECT_OBJC_ISA_USAGE = YES_ERROR;
				CLANG_WARN_DOCUMENTATION_COMMENTS = YES;
				CLANG_WARN_EMPTY_BODY = YES;
				CLANG_WARN_ENUM_CONVERSION = YES;
				CLANG_WARN_INFINITE_RECURSION = YES;
				CLANG_WARN_INT_CONVERSION = YES;
				CLANG_WARN_NON_LITERAL_NULL_CONVERSION = YES;
				CLANG_WARN_OBJC_IMPLICIT_RETAIN_SELF = YES;
				CLANG_WARN_OBJC_LITERAL_CONVERSION = YES;
				CLANG_WARN_OBJC_ROOT_CLASS = YES_ERROR;
				CLANG_WARN_RANGE_LOOP_ANALYSIS = YES;
				CLANG_WARN_STRICT_PROTOTYPES = YES;
				CLANG_WARN_SUSPICIOUS_MOVE = YES;
				CLANG_WARN_UNGUARDED_AVAILABILITY = YES_AGGRESSIVE;
				CLANG_WARN_UNREACHABLE_CODE = YES;
				CLANG_WARN__DUPLICATE_METHOD_MATCH = YES;
				CODE_SIGN_IDENTITY = "iPhone Developer";
				COPY_PHASE_STRIP = NO;
				DEBUG_INFORMATION_FORMAT = "dwarf-with-dsym";
				ENABLE_NS_ASSERTIONS = NO;
				ENABLE_STRICT_OBJC_MSGSEND = YES;
				GCC_C_LANGUAGE_STANDARD = gnu11;
				GCC_NO_COMMON_BLOCKS = YES;
				GCC_WARN_64_TO_32_BIT_CONVERSION = YES;
				GCC_WARN_ABOUT_RETURN_TYPE = YES_ERROR;
				GCC_WARN_UNDECLARED_SELECTOR = YES;
				GCC_WARN_UNINITIALIZED_AUTOS = YES_AGGRESSIVE;
				GCC_WARN_UNUSED_FUNCTION = YES;
				GCC_WARN_UNUSED_VARIABLE = YES;
				IPHONEOS_DEPLOYMENT_TARGET = 12.2;
				MTL_ENABLE_DEBUG_INFO = NO;
				MTL_FAST_MATH = YES;
				SDKROOT = iphoneos;
				SWIFT_COMPILATION_MODE = wholemodule;
				SWIFT_OPTIMIZATION_LEVEL = "-O";
				VALIDATE_PRODUCT = YES;
			};
			name = Release;
		};
		D0E73BBC22B2698400150481 /* Debug */ = {
			isa = XCBuildConfiguration;
			baseConfigurationReference = 1B934978495AC9894A6754E5 /* Pods-AcademyApp.debug.xcconfig */;
			buildSettings = {
				ASSETCATALOG_COMPILER_APPICON_NAME = AppIcon;
				CODE_SIGN_IDENTITY = "iPhone Developer";
				CODE_SIGN_STYLE = Automatic;
				DEVELOPMENT_TEAM = L478Y6AQTT;
				INFOPLIST_FILE = AcademyApp/Info.plist;
				LD_RUNPATH_SEARCH_PATHS = (
					"$(inherited)",
					"@executable_path/Frameworks",
				);
				PRODUCT_BUNDLE_IDENTIFIER = strv.AcademyApp;
				PRODUCT_NAME = "$(TARGET_NAME)";
				PROVISIONING_PROFILE_SPECIFIER = "";
				SWIFT_VERSION = 5.0;
				TARGETED_DEVICE_FAMILY = "1,2";
			};
			name = Debug;
		};
		D0E73BBD22B2698400150481 /* Release */ = {
			isa = XCBuildConfiguration;
			baseConfigurationReference = DABC6D1BD97525722761B5C4 /* Pods-AcademyApp.release.xcconfig */;
			buildSettings = {
				ASSETCATALOG_COMPILER_APPICON_NAME = AppIcon;
				CODE_SIGN_IDENTITY = "iPhone Developer";
				CODE_SIGN_STYLE = Automatic;
				DEVELOPMENT_TEAM = L478Y6AQTT;
				INFOPLIST_FILE = AcademyApp/Info.plist;
				LD_RUNPATH_SEARCH_PATHS = (
					"$(inherited)",
					"@executable_path/Frameworks",
				);
				PRODUCT_BUNDLE_IDENTIFIER = strv.AcademyApp;
				PRODUCT_NAME = "$(TARGET_NAME)";
				PROVISIONING_PROFILE_SPECIFIER = "";
				SWIFT_VERSION = 5.0;
				TARGETED_DEVICE_FAMILY = "1,2";
			};
			name = Release;
		};
/* End XCBuildConfiguration section */

/* Begin XCConfigurationList section */
		D0E73BA422B2698300150481 /* Build configuration list for PBXProject "AcademyApp" */ = {
			isa = XCConfigurationList;
			buildConfigurations = (
				D0E73BB922B2698400150481 /* Debug */,
				D0E73BBA22B2698400150481 /* Release */,
			);
			defaultConfigurationIsVisible = 0;
			defaultConfigurationName = Release;
		};
		D0E73BBB22B2698400150481 /* Build configuration list for PBXNativeTarget "AcademyApp" */ = {
			isa = XCConfigurationList;
			buildConfigurations = (
				D0E73BBC22B2698400150481 /* Debug */,
				D0E73BBD22B2698400150481 /* Release */,
			);
			defaultConfigurationIsVisible = 0;
			defaultConfigurationName = Release;
		};
/* End XCConfigurationList section */
	};
	rootObject = D0E73BA122B2698300150481 /* Project object */;
}
